
Microsoft Visual Studio Solution File, Format Version 12.00
# Visual Studio Version 16
VisualStudioVersion = 16.0.32413.511
MinimumVisualStudioVersion = 10.0.40219.1
Project("{FAE04EC0-301F-11D3-BF4B-00C04F79EFBC}") = "EshopApi", "EshopApi\EshopApi.csproj", "{E2FA4644-4157-470A-BA33-7E9C7581CF88}"
EndProject
Global
	GlobalSection(SolutionConfigurationPlatforms) = preSolution
		Debug|Any CPU = Debug|Any CPU
		Release|Any CPU = Release|Any CPU
	EndGlobalSection
	GlobalSection(ProjectConfigurationPlatforms) = postSolution
		{E2FA4644-4157-470A-BA33-7E9C7581CF88}.Debug|Any CPU.ActiveCfg = Debug|Any CPU
		{E2FA4644-4157-470A-BA33-7E9C7581CF88}.Debug|Any CPU.Build.0 = Debug|Any CPU
		{E2FA4644-4157-470A-BA33-7E9C7581CF88}.Release|Any CPU.ActiveCfg = Release|Any CPU
		{E2FA4644-4157-470A-BA33-7E9C7581CF88}.Release|Any CPU.Build.0 = Release|Any CPU
	EndGlobalSection
	GlobalSection(SolutionProperties) = preSolution
		HideSolutionNode = FALSE
	EndGlobalSection
	GlobalSection(ExtensibilityGlobals) = postSolution
		SolutionGuid = {AFD3994B-40BA-4AF0-82B9-8BDDBA428427}
	EndGlobalSection
EndGlobal
